hash: 48ee8a09da436d2cfd3b45250e31f0666bee9aa073f9b9308170cb362db7c74f
updated: 2018-12-24T08:12:39.70497+07:00
imports:
- name: github.com/aws/aws-sdk-go
  version: fbdf992ab2dd55986179007336fc2072ea2d4eab
  repo: https://github.com/aws/aws-sdk-go
  vcs: git
- name: github.com/BurntSushi/toml
  version: b26d9c308763d68093482582cea63d69be07a0f0
  repo: https://github.com/BurntSushi/toml
  vcs: git
- name: github.com/confluentinc/confluent-kafka-go
  version: 5e4d04e05fc319ce5996a867aafef29059f26862
  repo: https://github.com/confluentinc/confluent-kafka-go
  vcs: git
- name: github.com/gin-contrib/sse
  version: 22d885f9ecc78bf4ee5d72b937e4bbcdc58e8cae
- name: github.com/gin-gonic/gin
  version: b869fe1415e4b9eb52f247441830d502aece2d4d
  repo: https://github.com/gin-gonic/gin
  vcs: git
  subpackages:
  - binding
  - json
  - render
- name: github.com/go-sql-driver/mysql
  version: d523deb1b23d913de5bdada721a6071e71283618
  repo: https://github.com/go-sql-driver/mysql
  vcs: git
- name: github.com/go-xorm/builder
  version: a9b7ffcca3f0c6445c4e3b1bf72c01578817a6c3
- name: github.com/go-xorm/core
  version: f43c33d9a48db006417a7ac4c16b08897e3e1458
- name: github.com/go-xorm/xorm
  version: fc1b13e0d8e240788213230aa5747eb557f80f41
  repo: https://github.com/go-xorm/xorm
  vcs: git
- name: github.com/golang/protobuf
  version: d7fc20193620986259ffb1f9b9da752114ee14a4
  subpackages:
  - proto
- name: github.com/jinzhu/gorm
  version: 472c70caa40267cb89fd8facb07fe6454b578626
  repo: https://github.com/jinzhu/gorm
  vcs: git
- name: github.com/jinzhu/inflection
  version: 04140366298a54a039076d798123ffa108fff46c
- name: github.com/json-iterator/go
  version: d05f387f50c0c406889b62cb5ec51c76a64d89ee
- name: github.com/lestrrat/go-file-rotatelogs
  version: d3151e2a480fdcd05fb97102f5310a47d96274c4
  repo: https://github.com/lestrrat/go-file-rotatelogs
  vcs: git
- name: github.com/lib/pq
  version: d34b9ff171c21ad295489235aec8b6626023cd04
  repo: https://github.com/lib/pq
  vcs: git
- name: github.com/mattn/go-isatty
  version: 3fb116b820352b7f0c281308a4d6250c22d94e27
- name: github.com/modern-go/concurrent
  version: bacd9c7ef1dd9b15be4a9909b8ac7a4e313eec94
- name: github.com/modern-go/reflect2
  version: 94122c33edd36123c84d5368cfb2b69df93a0ec8
- name: github.com/olivere/elastic
  version: 1619150b007041b6dba8aa447f0e2d151cc2b4c5
  repo: https://github.com/olivere/elastic
  vcs: git
  subpackages:
  - requests
- name: github.com/parnurzeal/gorequest
  version: a578a48e8d6ca8b01a3b18314c43c6716bb5f5a3
  repo: https://github.com/parnurzeal/gorequest
  vcs: git
- name: github.com/rifflock/lfshook
  version: bf539943797a1f34c1f502d07de419b5238ae6c6
  repo: https://github.com/rifflock/lfshook
  vcs: git
- name: github.com/sanchitlohia2711/db-mysql
  version: d4b739c67847474689338e02928ad59a536f5f75
  repo: https://github.com/sanchitlohia2711/db-mysql
  vcs: git
  subpackages:
  - db
- name: github.com/sanchitlohia2711/go-config
  version: d87166b3b17c9fef2f2dbfc0071451b9abf2a3c0
  repo: https://github.com/sanchitlohia2711/go-config
  vcs: git
  subpackages:
  - config
- name: github.com/sanchitlohia2711/go-extended-error
  version: 5adba7624ca18f8abb5fd034a27e37b85bb26bdd
  repo: https://github.com/sanchitlohia2711/go-extended-error
  vcs: git
  subpackages:
  - exerr
- name: github.com/sirupsen/logrus
  version: c155da19408a8799da419ed3eeb0cb5db0ad5dbc
  repo: https://github.com/sirupsen/logrus
  vcs: git
- name: github.com/streadway/amqp
  version: a314942b2fd9dde7a3f70ba3f1062848ce6eb392
  repo: https://github.com/streadway/amqp
  vcs: git
- name: github.com/ugorji/go
  version: 772ced7fd4c2f6322c07537a9a93b68d74551fa6
  subpackages:
  - codec
- name: golang.org/x/sys
  version: 2281fa97ef7b0c26324634d5a22f04babdac8713
  subpackages:
  - unix
- name: google.golang.org/appengine
  version: ae0ab99deb4dc413a2b4bd6c8bdd0eb67f1e4d06
  subpackages:
  - cloudsql
- name: gopkg.in/go-playground/validator.v8
  version: 5f1438d3fca68893a817e4a66806cea46a9e4ebf
- name: gopkg.in/yaml.v2
  version: 51d6538a90f86fe93ac480b35f37b2be17fef232
testImports: []
